
Microsoft Visual Studio Solution File, Format Version 12.00
# Visual Studio Version 16
VisualStudioVersion = 16.0.31911.196
MinimumVisualStudioVersion = 10.0.40219.1
Project("{FAE04EC0-301F-11D3-BF4B-00C04F79EFBC}") = "ListaTareas.Android", "ListaTareas.Android\ListaTareas.Android.csproj", "{953E43DC-0BD8-4302-8E83-BC3E4EE8A6FF}"
EndProject
Project("{FAE04EC0-301F-11D3-BF4B-00C04F79EFBC}") = "ListaTareas.iOS", "ListaTareas.iOS\ListaTareas.iOS.csproj", "{2F8BDE26-26A5-4D22-BFBF-788A3B72876C}"
EndProject
Project("{FAE04EC0-301F-11D3-BF4B-00C04F79EFBC}") = "ListaTareas", "ListaTareas\ListaTareas.csproj", "{E566CF77-8C64-4824-BD29-8754C4885DFF}"
EndProject
Global
	GlobalSection(SolutionConfigurationPlatforms) = preSolution
		Debug|Any CPU = Debug|Any CPU
		Debug|iPhone = Debug|iPhone
		Debug|iPhoneSimulator = Debug|iPhoneSimulator
		Release|Any CPU = Release|Any CPU
		Release|iPhone = Release|iPhone
		Release|iPhoneSimulator = Release|iPhoneSimulator
	EndGlobalSection
	GlobalSection(ProjectConfigurationPlatforms) = postSolution
		{953E43DC-0BD8-4302-8E83-BC3E4EE8A6FF}.Debug|Any CPU.ActiveCfg = Debug|Any CPU
		{953E43DC-0BD8-4302-8E83-BC3E4EE8A6FF}.Debug|Any CPU.Build.0 = Debug|Any CPU
		{953E43DC-0BD8-4302-8E83-BC3E4EE8A6FF}.Debug|Any CPU.Deploy.0 = Debug|Any CPU
		{953E43DC-0BD8-4302-8E83-BC3E4EE8A6FF}.Debug|iPhone.ActiveCfg = Debug|Any CPU
		{953E43DC-0BD8-4302-8E83-BC3E4EE8A6FF}.Debug|iPhone.Build.0 = Debug|Any CPU
		{953E43DC-0BD8-4302-8E83-BC3E4EE8A6FF}.Debug|iPhone.Deploy.0 = Debug|Any CPU
		{953E43DC-0BD8-4302-8E83-BC3E4EE8A6FF}.Debug|iPhoneSimulator.ActiveCfg = Debug|Any CPU
		{953E43DC-0BD8-4302-8E83-BC3E4EE8A6FF}.Debug|iPhoneSimulator.Build.0 = Debug|Any CPU
		{953E43DC-0BD8-4302-8E83-BC3E4EE8A6FF}.Debug|iPhoneSimulator.Deploy.0 = Debug|Any CPU
		{953E43DC-0BD8-4302-8E83-BC3E4EE8A6FF}.Release|Any CPU.ActiveCfg = Release|Any CPU
		{953E43DC-0BD8-4302-8E83-BC3E4EE8A6FF}.Release|Any CPU.Build.0 = Release|Any CPU
		{953E43DC-0BD8-4302-8E83-BC3E4EE8A6FF}.Release|Any CPU.Deploy.0 = Release|Any CPU
		{953E43DC-0BD8-4302-8E83-BC3E4EE8A6FF}.Release|iPhone.ActiveCfg = Release|Any CPU
		{953E43DC-0BD8-4302-8E83-BC3E4EE8A6FF}.Release|iPhone.Build.0 = Release|Any CPU
		{953E43DC-0BD8-4302-8E83-BC3E4EE8A6FF}.Release|iPhone.Deploy.0 = Release|Any CPU
		{953E43DC-0BD8-4302-8E83-BC3E4EE8A6FF}.Release|iPhoneSimulator.ActiveCfg = Release|Any CPU
		{953E43DC-0BD8-4302-8E83-BC3E4EE8A6FF}.Release|iPhoneSimulator.Build.0 = Release|Any CPU
		{953E43DC-0BD8-4302-8E83-BC3E4EE8A6FF}.Release|iPhoneSimulator.Deploy.0 = Release|Any CPU
		{2F8BDE26-26A5-4D22-BFBF-788A3B72876C}.Debug|Any CPU.ActiveCfg = Debug|iPhone
		{2F8BDE26-26A5-4D22-BFBF-788A3B72876C}.Debug|Any CPU.Build.0 = Debug|iPhone
		{2F8BDE26-26A5-4D22-BFBF-788A3B72876C}.Debug|Any CPU.Deploy.0 = Debug|iPhone
		{2F8BDE26-26A5-4D22-BFBF-788A3B72876C}.Debug|iPhone.ActiveCfg = Debug|iPhone
		{2F8BDE26-26A5-4D22-BFBF-788A3B72876C}.Debug|iPhone.Build.0 = Debug|iPhone
		{2F8BDE26-26A5-4D22-BFBF-788A3B72876C}.Debug|iPhone.Deploy.0 = Debug|iPhone
		{2F8BDE26-26A5-4D22-BFBF-788A3B72876C}.Debug|iPhoneSimulator.ActiveCfg = Debug|iPhoneSimulator
		{2F8BDE26-26A5-4D22-BFBF-788A3B72876C}.Debug|iPhoneSimulator.Build.0 = Debug|iPhoneSimulator
		{2F8BDE26-26A5-4D22-BFBF-788A3B72876C}.Debug|iPhoneSimulator.Deploy.0 = Debug|iPhoneSimulator
		{2F8BDE26-26A5-4D22-BFBF-788A3B72876C}.Release|Any CPU.ActiveCfg = Release|iPhoneSimulator
		{2F8BDE26-26A5-4D22-BFBF-788A3B72876C}.Release|Any CPU.Build.0 = Release|iPhoneSimulator
		{2F8BDE26-26A5-4D22-BFBF-788A3B72876C}.Release|Any CPU.Deploy.0 = Release|iPhoneSimulator
		{2F8BDE26-26A5-4D22-BFBF-788A3B72876C}.Release|iPhone.ActiveCfg = Release|iPhone
		{2F8BDE26-26A5-4D22-BFBF-788A3B72876C}.Release|iPhone.Build.0 = Release|iPhone
		{2F8BDE26-26A5-4D22-BFBF-788A3B72876C}.Release|iPhone.Deploy.0 = Release|iPhone
		{2F8BDE26-26A5-4D22-BFBF-788A3B72876C}.Release|iPhoneSimulator.ActiveCfg = Release|iPhoneSimulator
		{2F8BDE26-26A5-4D22-BFBF-788A3B72876C}.Release|iPhoneSimulator.Build.0 = Release|iPhoneSimulator
		{2F8BDE26-26A5-4D22-BFBF-788A3B72876C}.Release|iPhoneSimulator.Deploy.0 = Release|iPhoneSimulator
		{E566CF77-8C64-4824-BD29-8754C4885DFF}.Debug|Any CPU.ActiveCfg = Debug|Any CPU
		{E566CF77-8C64-4824-BD29-8754C4885DFF}.Debug|Any CPU.Build.0 = Debug|Any CPU
		{E566CF77-8C64-4824-BD29-8754C4885DFF}.Debug|Any CPU.Deploy.0 = Debug|Any CPU
		{E566CF77-8C64-4824-BD29-8754C4885DFF}.Debug|iPhone.ActiveCfg = Debug|Any CPU
		{E566CF77-8C64-4824-BD29-8754C4885DFF}.Debug|iPhone.Build.0 = Debug|Any CPU
		{E566CF77-8C64-4824-BD29-8754C4885DFF}.Debug|iPhone.Deploy.0 = Debug|Any CPU
		{E566CF77-8C64-4824-BD29-8754C4885DFF}.Debug|iPhoneSimulator.ActiveCfg = Debug|Any CPU
		{E566CF77-8C64-4824-BD29-8754C4885DFF}.Debug|iPhoneSimulator.Build.0 = Debug|Any CPU
		{E566CF77-8C64-4824-BD29-8754C4885DFF}.Debug|iPhoneSimulator.Deploy.0 = Debug|Any CPU
		{E566CF77-8C64-4824-BD29-8754C4885DFF}.Release|Any CPU.ActiveCfg = Release|Any CPU
		{E566CF77-8C64-4824-BD29-8754C4885DFF}.Release|Any CPU.Build.0 = Release|Any CPU
		{E566CF77-8C64-4824-BD29-8754C4885DFF}.Release|Any CPU.Deploy.0 = Release|Any CPU
		{E566CF77-8C64-4824-BD29-8754C4885DFF}.Release|iPhone.ActiveCfg = Release|Any CPU
		{E566CF77-8C64-4824-BD29-8754C4885DFF}.Release|iPhone.Build.0 = Release|Any CPU
		{E566CF77-8C64-4824-BD29-8754C4885DFF}.Release|iPhone.Deploy.0 = Release|Any CPU
		{E566CF77-8C64-4824-BD29-8754C4885DFF}.Release|iPhoneSimulator.ActiveCfg = Release|Any CPU
		{E566CF77-8C64-4824-BD29-8754C4885DFF}.Release|iPhoneSimulator.Build.0 = Release|Any CPU
		{E566CF77-8C64-4824-BD29-8754C4885DFF}.Release|iPhoneSimulator.Deploy.0 = Release|Any CPU
	EndGlobalSection
	GlobalSection(SolutionProperties) = preSolution
		HideSolutionNode = FALSE
	EndGlobalSection
	GlobalSection(ExtensibilityGlobals) = postSolution
		SolutionGuid = {163C2227-7D3A-427E-A32D-5FB87293EA4A}
	EndGlobalSection
EndGlobal
